
Microsoft Visual Studio Solution File, Format Version 12.00
# Visual Studio Version 16
VisualStudioVersion = 16.0.30711.63
MinimumVisualStudioVersion = 10.0.40219.1
Project("{FAE04EC0-301F-11D3-BF4B-00C04F79EFBC}") = "cosmosdb-emulator-debugging", "cosmosdb-emulator-debugging\cosmosdb-emulator-debugging.csproj", "{CA25DB51-31EA-494F-9034-F78F0621F6E1}"
EndProject
Global
	GlobalSection(SolutionConfigurationPlatforms) = preSolution
		Debug|Any CPU = Debug|Any CPU
		Release|Any CPU = Release|Any CPU
	EndGlobalSection
	GlobalSection(ProjectConfigurationPlatforms) = postSolution
		{CA25DB51-31EA-494F-9034-F78F0621F6E1}.Debug|Any CPU.ActiveCfg = Debug|Any CPU
		{CA25DB51-31EA-494F-9034-F78F0621F6E1}.Debug|Any CPU.Build.0 = Debug|Any CPU
		{CA25DB51-31EA-494F-9034-F78F0621F6E1}.Release|Any CPU.ActiveCfg = Release|Any CPU
		{CA25DB51-31EA-494F-9034-F78F0621F6E1}.Release|Any CPU.Build.0 = Release|Any CPU
	EndGlobalSection
	GlobalSection(SolutionProperties) = preSolution
		HideSolutionNode = FALSE
	EndGlobalSection
	GlobalSection(ExtensibilityGlobals) = postSolution
		SolutionGuid = {9AA12A88-F619-4073-9CBD-8DCEF5BCB96D}
	EndGlobalSection
EndGlobal
